<?xml version="1.0" encoding="UTF-8"?>
<!DOCTYPE plist PUBLIC "-//Apple//DTD PLIST 1.0//EN" "http://www.apple.com/DTDs/PropertyList-1.0.dtd">
<plist version="1.0">
<dict>
	<key>archiveVersion</key>
	<string>1</string>
	<key>classes</key>
	<dict/>
	<key>objectVersion</key>
	<string>46</string>
	<key>objects</key>
	<dict>
		<key>066768FD48A149278517B7D8</key>
		<dict>
			<key>buildActionMask</key>
			<string>2147483647</string>
			<key>files</key>
			<array/>
			<key>inputPaths</key>
			<array/>
			<key>isa</key>
			<string>PBXShellScriptBuildPhase</string>
			<key>name</key>
			<string>Check Pods Manifest.lock</string>
			<key>outputPaths</key>
			<array/>
			<key>runOnlyForDeploymentPostprocessing</key>
			<string>0</string>
			<key>shellPath</key>
			<string>/bin/sh</string>
			<key>shellScript</key>
			<string>diff "${PODS_ROOT}/../Podfile.lock" "${PODS_ROOT}/Manifest.lock" &gt; /dev/null
if [[ $? != 0 ]] ; then
    cat &lt;&lt; EOM
error: The sandbox is not in sync with the Podfile.lock. Run 'pod install' or update your CocoaPods installation.
EOM
    exit 1
fi
</string>
			<key>showEnvVarsInLog</key>
			<string>0</string>
		</dict>
		<key>4274BDCC19EC06060020C559</key>
		<dict>
			<key>children</key>
			<array/>
			<key>isa</key>
			<string>PBXGroup</string>
			<key>name</key>
			<string>Img</string>
			<key>sourceTree</key>
			<string>&lt;group&gt;</string>
		</dict>
		<key>42A323D819EB9D3A0061BB48</key>
		<dict>
			<key>isa</key>
			<string>PBXFileReference</string>
			<key>lastKnownFileType</key>
			<string>wrapper.plug-in</string>
			<key>name</key>
			<string>GoogleMaps.bundle</string>
			<key>path</key>
			<string>../../Downloads/GoogleMaps-iOS-1.8.1/GoogleMaps.framework/Versions/A/Resources/GoogleMaps.bundle</string>
			<key>sourceTree</key>
			<string>&lt;group&gt;</string>
		</dict>
		<key>42A323D919EB9D3A0061BB48</key>
		<dict>
			<key>fileRef</key>
			<string>42A323D819EB9D3A0061BB48</string>
			<key>isa</key>
			<string>PBXBuildFile</string>
		</dict>
		<key>42A323DA19EB9D460061BB48</key>
		<dict>
			<key>children</key>
			<array>
				<string>42A323F319EBA1910061BB48</string>
				<string>42A323F119EB9E080061BB48</string>
				<string>42A323EF19EB9DFE0061BB48</string>
				<string>42A323ED19EB9DF60061BB48</string>
				<string>42A323EB19EB9DEA0061BB48</string>
				<string>42A323E919EB9DE00061BB48</string>
				<string>42A323E719EB9DD00061BB48</string>
				<string>42A323E519EB9DC20061BB48</string>
				<string>42A323E319EB9DBB0061BB48</string>
				<string>42A323E119EB9DB40061BB48</string>
				<string>42A323DF19EB9DAC0061BB48</string>
				<string>42A323DD19EB9DA40061BB48</string>
				<string>42A323DB19EB9D970061BB48</string>
				<string>42A323D819EB9D3A0061BB48</string>
				<string>C83460B5C7B44106BA27F917</string>
			</array>
			<key>isa</key>
			<string>PBXGroup</string>
			<key>name</key>
			<string>Frameworks</string>
			<key>sourceTree</key>
			<string>&lt;group&gt;</string>
		</dict>
		<key>42A323DB19EB9D970061BB48</key>
		<dict>
			<key>isa</key>
			<string>PBXFileReference</string>
			<key>lastKnownFileType</key>
			<string>wrapper.framework</string>
			<key>name</key>
			<string>AVFoundation.framework</string>
			<key>path</key>
			<string>System/Library/Frameworks/AVFoundation.framework</string>
			<key>sourceTree</key>
			<string>SDKROOT</string>
		</dict>
		<key>42A323DC19EB9D970061BB48</key>
		<dict>
			<key>fileRef</key>
			<string>42A323DB19EB9D970061BB48</string>
			<key>isa</key>
			<string>PBXBuildFile</string>
		</dict>
		<key>42A323DD19EB9DA40061BB48</key>
		<dict>
			<key>isa</key>
			<string>PBXFileReference</string>
			<key>lastKnownFileType</key>
			<string>wrapper.framework</string>
			<key>name</key>
			<string>CoreData.framework</string>
			<key>path</key>
			<string>System/Library/Frameworks/CoreData.framework</string>
			<key>sourceTree</key>
			<string>SDKROOT</string>
		</dict>
		<key>42A323DE19EB9DA40061BB48</key>
		<dict>
			<key>fileRef</key>
			<string>42A323DD19EB9DA40061BB48</string>
			<key>isa</key>
			<string>PBXBuildFile</string>
		</dict>
		<key>42A323DF19EB9DAC0061BB48</key>
		<dict>
			<key>isa</key>
			<string>PBXFileReference</string>
			<key>lastKnownFileType</key>
			<string>wrapper.framework</string>
			<key>name</key>
			<string>CoreLocation.framework</string>
			<key>path</key>
			<string>System/Library/Frameworks/CoreLocation.framework</string>
			<key>sourceTree</key>
			<string>SDKROOT</string>
		</dict>
		<key>42A323E019EB9DAC0061BB48</key>
		<dict>
			<key>fileRef</key>
			<string>42A323DF19EB9DAC0061BB48</string>
			<key>isa</key>
			<string>PBXBuildFile</string>
		</dict>
		<key>42A323E119EB9DB40061BB48</key>
		<dict>
			<key>isa</key>
			<string>PBXFileReference</string>
			<key>lastKnownFileType</key>
			<string>wrapper.framework</string>
			<key>name</key>
			<string>CoreText.framework</string>
			<key>path</key>
			<string>System/Library/Frameworks/CoreText.framework</string>
			<key>sourceTree</key>
			<string>SDKROOT</string>
		</dict>
		<key>42A323E219EB9DB40061BB48</key>
		<dict>
			<key>fileRef</key>
			<string>42A323E119EB9DB40061BB48</string>
			<key>isa</key>
			<string>PBXBuildFile</string>
		</dict>
		<key>42A323E319EB9DBB0061BB48</key>
		<dict>
			<key>isa</key>
			<string>PBXFileReference</string>
			<key>lastKnownFileType</key>
			<string>wrapper.framework</string>
			<key>name</key>
			<string>GLKit.framework</string>
			<key>path</key>
			<string>System/Library/Frameworks/GLKit.framework</string>
			<key>sourceTree</key>
			<string>SDKROOT</string>
		</dict>
		<key>42A323E419EB9DBB0061BB48</key>
		<dict>
			<key>fileRef</key>
			<string>42A323E319EB9DBB0061BB48</string>
			<key>isa</key>
			<string>PBXBuildFile</string>
		</dict>
		<key>42A323E519EB9DC20061BB48</key>
		<dict>
			<key>isa</key>
			<string>PBXFileReference</string>
			<key>lastKnownFileType</key>
			<string>wrapper.framework</string>
			<key>name</key>
			<string>ImageIO.framework</string>
			<key>path</key>
			<string>System/Library/Frameworks/ImageIO.framework</string>
			<key>sourceTree</key>
			<string>SDKROOT</string>
		</dict>
		<key>42A323E619EB9DC20061BB48</key>
		<dict>
			<key>fileRef</key>
			<string>42A323E519EB9DC20061BB48</string>
			<key>isa</key>
			<string>PBXBuildFile</string>
		</dict>
		<key>42A323E719EB9DD00061BB48</key>
		<dict>
			<key>isa</key>
			<string>PBXFileReference</string>
			<key>lastKnownFileType</key>
			<string>compiled.mach-o.dylib</string>
			<key>name</key>
			<string>libc++.dylib</string>
			<key>path</key>
			<string>usr/lib/libc++.dylib</string>
			<key>sourceTree</key>
			<string>SDKROOT</string>
		</dict>
		<key>42A323E819EB9DD00061BB48</key>
		<dict>
			<key>fileRef</key>
			<string>42A323E719EB9DD00061BB48</string>
			<key>isa</key>
			<string>PBXBuildFile</string>
		</dict>
		<key>42A323E919EB9DE00061BB48</key>
		<dict>
			<key>isa</key>
			<string>PBXFileReference</string>
			<key>lastKnownFileType</key>
			<string>compiled.mach-o.dylib</string>
			<key>name</key>
			<string>libicucore.dylib</string>
			<key>path</key>
			<string>usr/lib/libicucore.dylib</string>
			<key>sourceTree</key>
			<string>SDKROOT</string>
		</dict>
		<key>42A323EA19EB9DE00061BB48</key>
		<dict>
			<key>fileRef</key>
			<string>42A323E919EB9DE00061BB48</string>
			<key>isa</key>
			<string>PBXBuildFile</string>
		</dict>
		<key>42A323EB19EB9DEA0061BB48</key>
		<dict>
			<key>isa</key>
			<string>PBXFileReference</string>
			<key>lastKnownFileType</key>
			<string>compiled.mach-o.dylib</string>
			<key>name</key>
			<string>libz.dylib</string>
			<key>path</key>
			<string>usr/lib/libz.dylib</string>
			<key>sourceTree</key>
			<string>SDKROOT</string>
		</dict>
		<key>42A323EC19EB9DEA0061BB48</key>
		<dict>
			<key>fileRef</key>
			<string>42A323EB19EB9DEA0061BB48</string>
			<key>isa</key>
			<string>PBXBuildFile</string>
		</dict>
		<key>42A323ED19EB9DF60061BB48</key>
		<dict>
			<key>isa</key>
			<string>PBXFileReference</string>
			<key>lastKnownFileType</key>
			<string>wrapper.framework</string>
			<key>name</key>
			<string>OpenGLES.framework</string>
			<key>path</key>
			<string>System/Library/Frameworks/OpenGLES.framework</string>
			<key>sourceTree</key>
			<string>SDKROOT</string>
		</dict>
		<key>42A323EE19EB9DF60061BB48</key>
		<dict>
			<key>fileRef</key>
			<string>42A323ED19EB9DF60061BB48</string>
			<key>isa</key>
			<string>PBXBuildFile</string>
		</dict>
		<key>42A323EF19EB9DFE0061BB48</key>
		<dict>
			<key>isa</key>
			<string>PBXFileReference</string>
			<key>lastKnownFileType</key>
			<string>wrapper.framework</string>
			<key>name</key>
			<string>QuartzCore.framework</string>
			<key>path</key>
			<string>System/Library/Frameworks/QuartzCore.framework</string>
			<key>sourceTree</key>
			<string>SDKROOT</string>
		</dict>
		<key>42A323F019EB9DFE0061BB48</key>
		<dict>
			<key>fileRef</key>
			<string>42A323EF19EB9DFE0061BB48</string>
			<key>isa</key>
			<string>PBXBuildFile</string>
		</dict>
		<key>42A323F119EB9E080061BB48</key>
		<dict>
			<key>isa</key>
			<string>PBXFileReference</string>
			<key>lastKnownFileType</key>
			<string>wrapper.framework</string>
			<key>name</key>
			<string>SystemConfiguration.framework</string>
			<key>path</key>
			<string>System/Library/Frameworks/SystemConfiguration.framework</string>
			<key>sourceTree</key>
			<string>SDKROOT</string>
		</dict>
		<key>42A323F219EB9E080061BB48</key>
		<dict>
			<key>fileRef</key>
			<string>42A323F119EB9E080061BB48</string>
			<key>isa</key>
			<string>PBXBuildFile</string>
		</dict>
		<key>42A323F319EBA1910061BB48</key>
		<dict>
			<key>isa</key>
			<string>PBXFileReference</string>
			<key>lastKnownFileType</key>
			<string>wrapper.framework</string>
			<key>path</key>
			<string>GoogleMaps.framework</string>
			<key>sourceTree</key>
			<string>&lt;group&gt;</string>
		</dict>
		<key>42A323F419EBA1910061BB48</key>
		<dict>
			<key>fileRef</key>
			<string>42A323F319EBA1910061BB48</string>
			<key>isa</key>
			<string>PBXBuildFile</string>
		</dict>
		<key>42A323F519EBA9C80061BB48</key>
		<dict>
			<key>fileEncoding</key>
			<string>4</string>
			<key>isa</key>
			<string>PBXFileReference</string>
			<key>lastKnownFileType</key>
			<string>sourcecode.c.h</string>
			<key>path</key>
			<string>LocationManager.h</string>
			<key>sourceTree</key>
			<string>&lt;group&gt;</string>
		</dict>
		<key>42A323F619EBA9C80061BB48</key>
		<dict>
			<key>fileEncoding</key>
			<string>4</string>
			<key>isa</key>
			<string>PBXFileReference</string>
			<key>lastKnownFileType</key>
			<string>sourcecode.c.objc</string>
			<key>path</key>
			<string>LocationManager.m</string>
			<key>sourceTree</key>
			<string>&lt;group&gt;</string>
		</dict>
		<key>42A323F719EBA9C80061BB48</key>
		<dict>
			<key>fileRef</key>
			<string>42A323F619EBA9C80061BB48</string>
			<key>isa</key>
			<string>PBXBuildFile</string>
		</dict>
		<key>42EFC4AF19E1B06B003F8E80</key>
		<dict>
			<key>children</key>
			<array>
				<string>4274BDCC19EC06060020C559</string>
				<string>42A323DA19EB9D460061BB48</string>
				<string>42EFC4BA19E1B06B003F8E80</string>
				<string>42EFC4D419E1B06B003F8E80</string>
				<string>42EFC4B919E1B06B003F8E80</string>
				<string>A9A91FB305304D069455716D</string>
			</array>
			<key>isa</key>
			<string>PBXGroup</string>
			<key>sourceTree</key>
			<string>&lt;group&gt;</string>
		</dict>
		<key>42EFC4B019E1B06B003F8E80</key>
		<dict>
			<key>attributes</key>
			<dict>
				<key>LastUpgradeCheck</key>
				<string>0600</string>
				<key>ORGANIZATIONNAME</key>
				<string>&#24029;&#23798; &#22823;&#22320;</string>
				<key>TargetAttributes</key>
				<dict>
					<key>42EFC4B719E1B06B003F8E80</key>
					<dict>
						<key>CreatedOnToolsVersion</key>
						<string>6.0.1</string>
					</dict>
					<key>42EFC4D019E1B06B003F8E80</key>
					<dict>
						<key>CreatedOnToolsVersion</key>
						<string>6.0.1</string>
						<key>TestTargetID</key>
						<string>42EFC4B719E1B06B003F8E80</string>
					</dict>
				</dict>
			</dict>
			<key>buildConfigurationList</key>
			<string>42EFC4B319E1B06B003F8E80</string>
			<key>compatibilityVersion</key>
			<string>Xcode 3.2</string>
			<key>developmentRegion</key>
			<string>English</string>
			<key>hasScannedForEncodings</key>
			<string>0</string>
			<key>isa</key>
			<string>PBXProject</string>
			<key>knownRegions</key>
			<array>
				<string>en</string>
				<string>Base</string>
			</array>
			<key>mainGroup</key>
			<string>42EFC4AF19E1B06B003F8E80</string>
			<key>productRefGroup</key>
			<string>42EFC4B919E1B06B003F8E80</string>
			<key>projectDirPath</key>
			<string></string>
			<key>projectReferences</key>
			<array/>
			<key>projectRoot</key>
			<string></string>
			<key>targets</key>
			<array>
				<string>42EFC4B719E1B06B003F8E80</string>
				<string>42EFC4D019E1B06B003F8E80</string>
			</array>
		</dict>
		<key>42EFC4B319E1B06B003F8E80</key>
		<dict>
			<key>buildConfigurations</key>
			<array>
				<string>42EFC4D919E1B06B003F8E80</string>
				<string>42EFC4DA19E1B06B003F8E80</string>
			</array>
			<key>defaultConfigurationIsVisible</key>
			<string>0</string>
			<key>defaultConfigurationName</key>
			<string>Release</string>
			<key>isa</key>
			<string>XCConfigurationList</string>
		</dict>
		<key>42EFC4B419E1B06B003F8E80</key>
		<dict>
			<key>buildActionMask</key>
			<string>2147483647</string>
			<key>files</key>
			<array>
				<string>42EFC4C419E1B06B003F8E80</string>
				<string>42A323F719EBA9C80061BB48</string>
				<string>42EFC4C119E1B06B003F8E80</string>
				<string>42EFC4BE19E1B06B003F8E80</string>
				<string>42EFC4E319E8479F003F8E80</string>
			</array>
			<key>isa</key>
			<string>PBXSourcesBuildPhase</string>
			<key>runOnlyForDeploymentPostprocessing</key>
			<string>0</string>
		</dict>
		<key>42EFC4B519E1B06B003F8E80</key>
		<dict>
			<key>buildActionMask</key>
			<string>2147483647</string>
			<key>files</key>
			<array>
				<string>42A323F219EB9E080061BB48</string>
				<string>42A323F019EB9DFE0061BB48</string>
				<string>42A323EE19EB9DF60061BB48</string>
				<string>42A323EC19EB9DEA0061BB48</string>
				<string>42A323EA19EB9DE00061BB48</string>
				<string>42A323E819EB9DD00061BB48</string>
				<string>42A323E619EB9DC20061BB48</string>
				<string>42A323E419EB9DBB0061BB48</string>
				<string>42A323E219EB9DB40061BB48</string>
				<string>42A323F419EBA1910061BB48</string>
				<string>42A323E019EB9DAC0061BB48</string>
				<string>42A323DE19EB9DA40061BB48</string>
				<string>42A323DC19EB9D970061BB48</string>
				<string>67C37D23BC194C31B8D7D43B</string>
			</array>
			<key>isa</key>
			<string>PBXFrameworksBuildPhase</string>
			<key>runOnlyForDeploymentPostprocessing</key>
			<string>0</string>
		</dict>
		<key>42EFC4B619E1B06B003F8E80</key>
		<dict>
			<key>buildActionMask</key>
			<string>2147483647</string>
			<key>files</key>
			<array>
				<string>42EFC4C719E1B06B003F8E80</string>
				<string>42EFC4CC19E1B06B003F8E80</string>
				<string>42EFC4C919E1B06B003F8E80</string>
				<string>42A323D919EB9D3A0061BB48</string>
			</array>
			<key>isa</key>
			<string>PBXResourcesBuildPhase</string>
			<key>runOnlyForDeploymentPostprocessing</key>
			<string>0</string>
		</dict>
		<key>42EFC4B719E1B06B003F8E80</key>
		<dict>
			<key>buildConfigurationList</key>
			<string>42EFC4DB19E1B06B003F8E80</string>
			<key>buildPhases</key>
			<array>
				<string>066768FD48A149278517B7D8</string>
				<string>42EFC4B419E1B06B003F8E80</string>
				<string>42EFC4B519E1B06B003F8E80</string>
				<string>42EFC4B619E1B06B003F8E80</string>
				<string>63DBC3DA2C754257A1FA90A0</string>
			</array>
			<key>buildRules</key>
			<array/>
			<key>dependencies</key>
			<array/>
			<key>isa</key>
			<string>PBXNativeTarget</string>
			<key>name</key>
			<string>Metro</string>
			<key>productName</key>
			<string>Metro</string>
			<key>productReference</key>
			<string>42EFC4B819E1B06B003F8E80</string>
			<key>productType</key>
			<string>com.apple.product-type.application</string>
		</dict>
		<key>42EFC4B819E1B06B003F8E80</key>
		<dict>
			<key>explicitFileType</key>
			<string>wrapper.application</string>
			<key>includeInIndex</key>
			<string>0</string>
			<key>isa</key>
			<string>PBXFileReference</string>
			<key>path</key>
			<string>Metro.app</string>
			<key>sourceTree</key>
			<string>BUILT_PRODUCTS_DIR</string>
		</dict>
		<key>42EFC4B919E1B06B003F8E80</key>
		<dict>
			<key>children</key>
			<array>
				<string>42EFC4B819E1B06B003F8E80</string>
				<string>42EFC4D119E1B06B003F8E80</string>
			</array>
			<key>isa</key>
			<string>PBXGroup</string>
			<key>name</key>
			<string>Products</string>
			<key>sourceTree</key>
			<string>&lt;group&gt;</string>
		</dict>
		<key>42EFC4BA19E1B06B003F8E80</key>
		<dict>
			<key>children</key>
			<array>
				<string>42A323F519EBA9C80061BB48</string>
				<string>42A323F619EBA9C80061BB48</string>
				<string>42EFC4BF19E1B06B003F8E80</string>
				<string>42EFC4C019E1B06B003F8E80</string>
				<string>42EFC4C219E1B06B003F8E80</string>
				<string>42EFC4C319E1B06B003F8E80</string>
				<string>42EFC4E119E8479F003F8E80</string>
				<string>42EFC4E219E8479F003F8E80</string>
				<string>42EFC4C519E1B06B003F8E80</string>
				<string>42EFC4C819E1B06B003F8E80</string>
				<string>42EFC4CA19E1B06B003F8E80</string>
				<string>42EFC4BB19E1B06B003F8E80</string>
			</array>
			<key>isa</key>
			<string>PBXGroup</string>
			<key>path</key>
			<string>Metro</string>
			<key>sourceTree</key>
			<string>&lt;group&gt;</string>
		</dict>
		<key>42EFC4BB19E1B06B003F8E80</key>
		<dict>
			<key>children</key>
			<array>
				<string>42EFC4BC19E1B06B003F8E80</string>
				<string>42EFC4BD19E1B06B003F8E80</string>
			</array>
			<key>isa</key>
			<string>PBXGroup</string>
			<key>name</key>
			<string>Supporting Files</string>
			<key>sourceTree</key>
			<string>&lt;group&gt;</string>
		</dict>
		<key>42EFC4BC19E1B06B003F8E80</key>
		<dict>
			<key>isa</key>
			<string>PBXFileReference</string>
			<key>lastKnownFileType</key>
			<string>text.plist.xml</string>
			<key>path</key>
			<string>Info.plist</string>
			<key>sourceTree</key>
			<string>&lt;group&gt;</string>
		</dict>
		<key>42EFC4BD19E1B06B003F8E80</key>
		<dict>
			<key>isa</key>
			<string>PBXFileReference</string>
			<key>lastKnownFileType</key>
			<string>sourcecode.c.objc</string>
			<key>path</key>
			<string>main.m</string>
			<key>sourceTree</key>
			<string>&lt;group&gt;</string>
		</dict>
		<key>42EFC4BE19E1B06B003F8E80</key>
		<dict>
			<key>fileRef</key>
			<string>42EFC4BD19E1B06B003F8E80</string>
			<key>isa</key>
			<string>PBXBuildFile</string>
		</dict>
		<key>42EFC4BF19E1B06B003F8E80</key>
		<dict>
			<key>isa</key>
			<string>PBXFileReference</string>
			<key>lastKnownFileType</key>
			<string>sourcecode.c.h</string>
			<key>path</key>
			<string>AppDelegate.h</string>
			<key>sourceTree</key>
			<string>&lt;group&gt;</string>
		</dict>
		<key>42EFC4C019E1B06B003F8E80</key>
		<dict>
			<key>isa</key>
			<string>PBXFileReference</string>
			<key>lastKnownFileType</key>
			<string>sourcecode.c.objc</string>
			<key>path</key>
			<string>AppDelegate.m</string>
			<key>sourceTree</key>
			<string>&lt;group&gt;</string>
		</dict>
		<key>42EFC4C119E1B06B003F8E80</key>
		<dict>
			<key>fileRef</key>
			<string>42EFC4C019E1B06B003F8E80</string>
			<key>isa</key>
			<string>PBXBuildFile</string>
		</dict>
		<key>42EFC4C219E1B06B003F8E80</key>
		<dict>
			<key>isa</key>
			<string>PBXFileReference</string>
			<key>lastKnownFileType</key>
			<string>sourcecode.c.h</string>
			<key>path</key>
			<string>ViewController.h</string>
			<key>sourceTree</key>
			<string>&lt;group&gt;</string>
		</dict>
		<key>42EFC4C319E1B06B003F8E80</key>
		<dict>
			<key>isa</key>
			<string>PBXFileReference</string>
			<key>lastKnownFileType</key>
			<string>sourcecode.c.objc</string>
			<key>path</key>
			<string>ViewController.m</string>
			<key>sourceTree</key>
			<string>&lt;group&gt;</string>
		</dict>
		<key>42EFC4C419E1B06B003F8E80</key>
		<dict>
			<key>fileRef</key>
			<string>42EFC4C319E1B06B003F8E80</string>
			<key>isa</key>
			<string>PBXBuildFile</string>
		</dict>
		<key>42EFC4C519E1B06B003F8E80</key>
		<dict>
			<key>children</key>
			<array>
				<string>42EFC4C619E1B06B003F8E80</string>
			</array>
			<key>isa</key>
			<string>PBXVariantGroup</string>
			<key>name</key>
			<string>Main.storyboard</string>
			<key>sourceTree</key>
			<string>&lt;group&gt;</string>
		</dict>
		<key>42EFC4C619E1B06B003F8E80</key>
		<dict>
			<key>isa</key>
			<string>PBXFileReference</string>
			<key>lastKnownFileType</key>
			<string>file.storyboard</string>
			<key>name</key>
			<string>Base</string>
			<key>path</key>
			<string>Base.lproj/Main.storyboard</string>
			<key>sourceTree</key>
			<string>&lt;group&gt;</string>
		</dict>
		<key>42EFC4C719E1B06B003F8E80</key>
		<dict>
			<key>fileRef</key>
			<string>42EFC4C519E1B06B003F8E80</string>
			<key>isa</key>
			<string>PBXBuildFile</string>
		</dict>
		<key>42EFC4C819E1B06B003F8E80</key>
		<dict>
			<key>isa</key>
			<string>PBXFileReference</string>
			<key>lastKnownFileType</key>
			<string>folder.assetcatalog</string>
			<key>path</key>
			<string>Images.xcassets</string>
			<key>sourceTree</key>
			<string>&lt;group&gt;</string>
		</dict>
		<key>42EFC4C919E1B06B003F8E80</key>
		<dict>
			<key>fileRef</key>
			<string>42EFC4C819E1B06B003F8E80</string>
			<key>isa</key>
			<string>PBXBuildFile</string>
		</dict>
		<key>42EFC4CA19E1B06B003F8E80</key>
		<dict>
			<key>children</key>
			<array>
				<string>42EFC4CB19E1B06B003F8E80</string>
			</array>
			<key>isa</key>
			<string>PBXVariantGroup</string>
			<key>name</key>
			<string>LaunchScreen.xib</string>
			<key>sourceTree</key>
			<string>&lt;group&gt;</string>
		</dict>
		<key>42EFC4CB19E1B06B003F8E80</key>
		<dict>
			<key>isa</key>
			<string>PBXFileReference</string>
			<key>lastKnownFileType</key>
			<string>file.xib</string>
			<key>name</key>
			<string>Base</string>
			<key>path</key>
			<string>Base.lproj/LaunchScreen.xib</string>
			<key>sourceTree</key>
			<string>&lt;group&gt;</string>
		</dict>
		<key>42EFC4CC19E1B06B003F8E80</key>
		<dict>
			<key>fileRef</key>
			<string>42EFC4CA19E1B06B003F8E80</string>
			<key>isa</key>
			<string>PBXBuildFile</string>
		</dict>
		<key>42EFC4CD19E1B06B003F8E80</key>
		<dict>
			<key>buildActionMask</key>
			<string>2147483647</string>
			<key>files</key>
			<array>
				<string>42EFC4D819E1B06B003F8E80</string>
			</array>
			<key>isa</key>
			<string>PBXSourcesBuildPhase</string>
			<key>runOnlyForDeploymentPostprocessing</key>
			<string>0</string>
		</dict>
		<key>42EFC4CE19E1B06B003F8E80</key>
		<dict>
			<key>buildActionMask</key>
			<string>2147483647</string>
			<key>files</key>
			<array/>
			<key>isa</key>
			<string>PBXFrameworksBuildPhase</string>
			<key>runOnlyForDeploymentPostprocessing</key>
			<string>0</string>
		</dict>
		<key>42EFC4CF19E1B06B003F8E80</key>
		<dict>
			<key>buildActionMask</key>
			<string>2147483647</string>
			<key>files</key>
			<array/>
			<key>isa</key>
			<string>PBXResourcesBuildPhase</string>
			<key>runOnlyForDeploymentPostprocessing</key>
			<string>0</string>
		</dict>
		<key>42EFC4D019E1B06B003F8E80</key>
		<dict>
			<key>buildConfigurationList</key>
			<string>42EFC4DE19E1B06B003F8E80</string>
			<key>buildPhases</key>
			<array>
				<string>42EFC4CD19E1B06B003F8E80</string>
				<string>42EFC4CE19E1B06B003F8E80</string>
				<string>42EFC4CF19E1B06B003F8E80</string>
			</array>
			<key>buildRules</key>
			<array/>
			<key>dependencies</key>
			<array>
				<string>42EFC4D319E1B06B003F8E80</string>
			</array>
			<key>isa</key>
			<string>PBXNativeTarget</string>
			<key>name</key>
			<string>MetroTests</string>
			<key>productName</key>
			<string>MetroTests</string>
			<key>productReference</key>
			<string>42EFC4D119E1B06B003F8E80</string>
			<key>productType</key>
			<string>com.apple.product-type.bundle.unit-test</string>
		</dict>
		<key>42EFC4D119E1B06B003F8E80</key>
		<dict>
			<key>explicitFileType</key>
			<string>wrapper.cfbundle</string>
			<key>includeInIndex</key>
			<string>0</string>
			<key>isa</key>
			<string>PBXFileReference</string>
			<key>path</key>
			<string>MetroTests.xctest</string>
			<key>sourceTree</key>
			<string>BUILT_PRODUCTS_DIR</string>
		</dict>
		<key>42EFC4D219E1B06B003F8E80</key>
		<dict>
			<key>containerPortal</key>
			<string>42EFC4B019E1B06B003F8E80</string>
			<key>isa</key>
			<string>PBXContainerItemProxy</string>
			<key>proxyType</key>
			<string>1</string>
			<key>remoteGlobalIDString</key>
			<string>42EFC4B719E1B06B003F8E80</string>
			<key>remoteInfo</key>
			<string>Metro</string>
		</dict>
		<key>42EFC4D319E1B06B003F8E80</key>
		<dict>
			<key>isa</key>
			<string>PBXTargetDependency</string>
			<key>target</key>
			<string>42EFC4B719E1B06B003F8E80</string>
			<key>targetProxy</key>
			<string>42EFC4D219E1B06B003F8E80</string>
		</dict>
		<key>42EFC4D419E1B06B003F8E80</key>
		<dict>
			<key>children</key>
			<array>
				<string>42EFC4D719E1B06B003F8E80</string>
				<string>42EFC4D519E1B06B003F8E80</string>
			</array>
			<key>isa</key>
			<string>PBXGroup</string>
			<key>path</key>
			<string>MetroTests</string>
			<key>sourceTree</key>
			<string>&lt;group&gt;</string>
		</dict>
		<key>42EFC4D519E1B06B003F8E80</key>
		<dict>
			<key>children</key>
			<array>
				<string>42EFC4D619E1B06B003F8E80</string>
			</array>
			<key>isa</key>
			<string>PBXGroup</string>
			<key>name</key>
			<string>Supporting Files</string>
			<key>sourceTree</key>
			<string>&lt;group&gt;</string>
		</dict>
		<key>42EFC4D619E1B06B003F8E80</key>
		<dict>
			<key>isa</key>
			<string>PBXFileReference</string>
			<key>lastKnownFileType</key>
			<string>text.plist.xml</string>
			<key>path</key>
			<string>Info.plist</string>
			<key>sourceTree</key>
			<string>&lt;group&gt;</string>
		</dict>
		<key>42EFC4D719E1B06B003F8E80</key>
		<dict>
			<key>isa</key>
			<string>PBXFileReference</string>
			<key>lastKnownFileType</key>
			<string>sourcecode.c.objc</string>
			<key>path</key>
			<string>MetroTests.m</string>
			<key>sourceTree</key>
			<string>&lt;group&gt;</string>
		</dict>
		<key>42EFC4D819E1B06B003F8E80</key>
		<dict>
			<key>fileRef</key>
			<string>42EFC4D719E1B06B003F8E80</string>
			<key>isa</key>
			<string>PBXBuildFile</string>
		</dict>
		<key>42EFC4D919E1B06B003F8E80</key>
		<dict>
			<key>buildSettings</key>
			<dict>
				<key>ALWAYS_SEARCH_USER_PATHS</key>
				<string>NO</string>
				<key>CLANG_CXX_LANGUAGE_STANDARD</key>
				<string>gnu++0x</string>
				<key>CLANG_CXX_LIBRARY</key>
				<string>libc++</string>
				<key>CLANG_ENABLE_MODULES</key>
				<string>YES</string>
				<key>CLANG_ENABLE_OBJC_ARC</key>
				<string>YES</string>
				<key>CLANG_WARN_BOOL_CONVERSION</key>
				<string>YES</string>
				<key>CLANG_WARN_CONSTANT_CONVERSION</key>
				<string>YES</string>
				<key>CLANG_WARN_DIRECT_OBJC_ISA_USAGE</key>
				<string>YES_ERROR</string>
				<key>CLANG_WARN_EMPTY_BODY</key>
				<string>YES</string>
				<key>CLANG_WARN_ENUM_CONVERSION</key>
				<string>YES</string>
				<key>CLANG_WARN_INT_CONVERSION</key>
				<string>YES</string>
				<key>CLANG_WARN_OBJC_ROOT_CLASS</key>
				<string>YES_ERROR</string>
				<key>CLANG_WARN_UNREACHABLE_CODE</key>
				<string>YES</string>
				<key>CLANG_WARN__DUPLICATE_METHOD_MATCH</key>
				<string>YES</string>
				<key>CODE_SIGN_IDENTITY[sdk=iphoneos*]</key>
				<string>iPhone Developer</string>
				<key>COPY_PHASE_STRIP</key>
				<string>NO</string>
				<key>ENABLE_STRICT_OBJC_MSGSEND</key>
				<string>YES</string>
				<key>GCC_C_LANGUAGE_STANDARD</key>
				<string>gnu99</string>
				<key>GCC_DYNAMIC_NO_PIC</key>
				<string>NO</string>
				<key>GCC_OPTIMIZATION_LEVEL</key>
				<string>0</string>
				<key>GCC_PREPROCESSOR_DEFINITIONS</key>
				<array>
					<string>DEBUG=1</string>
					<string>$(inherited)</string>
				</array>
				<key>GCC_SYMBOLS_PRIVATE_EXTERN</key>
				<string>NO</string>
				<key>GCC_WARN_64_TO_32_BIT_CONVERSION</key>
				<string>YES</string>
				<key>GCC_WARN_ABOUT_RETURN_TYPE</key>
				<string>YES_ERROR</string>
				<key>GCC_WARN_UNDECLARED_SELECTOR</key>
				<string>YES</string>
				<key>GCC_WARN_UNINITIALIZED_AUTOS</key>
				<string>YES_AGGRESSIVE</string>
				<key>GCC_WARN_UNUSED_FUNCTION</key>
				<string>YES</string>
				<key>GCC_WARN_UNUSED_VARIABLE</key>
				<string>YES</string>
				<key>IPHONEOS_DEPLOYMENT_TARGET</key>
				<string>8.0</string>
				<key>MTL_ENABLE_DEBUG_INFO</key>
				<string>YES</string>
				<key>ONLY_ACTIVE_ARCH</key>
				<string>YES</string>
				<key>SDKROOT</key>
				<string>iphoneos</string>
			</dict>
			<key>isa</key>
			<string>XCBuildConfiguration</string>
			<key>name</key>
			<string>Debug</string>
		</dict>
		<key>42EFC4DA19E1B06B003F8E80</key>
		<dict>
			<key>buildSettings</key>
			<dict>
				<key>ALWAYS_SEARCH_USER_PATHS</key>
				<string>NO</string>
				<key>CLANG_CXX_LANGUAGE_STANDARD</key>
				<string>gnu++0x</string>
				<key>CLANG_CXX_LIBRARY</key>
				<string>libc++</string>
				<key>CLANG_ENABLE_MODULES</key>
				<string>YES</string>
				<key>CLANG_ENABLE_OBJC_ARC</key>
				<string>YES</string>
				<key>CLANG_WARN_BOOL_CONVERSION</key>
				<string>YES</string>
				<key>CLANG_WARN_CONSTANT_CONVERSION</key>
				<string>YES</string>
				<key>CLANG_WARN_DIRECT_OBJC_ISA_USAGE</key>
				<string>YES_ERROR</string>
				<key>CLANG_WARN_EMPTY_BODY</key>
				<string>YES</string>
				<key>CLANG_WARN_ENUM_CONVERSION</key>
				<string>YES</string>
				<key>CLANG_WARN_INT_CONVERSION</key>
				<string>YES</string>
				<key>CLANG_WARN_OBJC_ROOT_CLASS</key>
				<string>YES_ERROR</string>
				<key>CLANG_WARN_UNREACHABLE_CODE</key>
				<string>YES</string>
				<key>CLANG_WARN__DUPLICATE_METHOD_MATCH</key>
				<string>YES</string>
				<key>CODE_SIGN_IDENTITY[sdk=iphoneos*]</key>
				<string>iPhone Developer</string>
				<key>COPY_PHASE_STRIP</key>
				<string>YES</string>
				<key>ENABLE_NS_ASSERTIONS</key>
				<string>NO</string>
				<key>ENABLE_STRICT_OBJC_MSGSEND</key>
				<string>YES</string>
				<key>GCC_C_LANGUAGE_STANDARD</key>
				<string>gnu99</string>
				<key>GCC_WARN_64_TO_32_BIT_CONVERSION</key>
				<string>YES</string>
				<key>GCC_WARN_ABOUT_RETURN_TYPE</key>
				<string>YES_ERROR</string>
				<key>GCC_WARN_UNDECLARED_SELECTOR</key>
				<string>YES</string>
				<key>GCC_WARN_UNINITIALIZED_AUTOS</key>
				<string>YES_AGGRESSIVE</string>
				<key>GCC_WARN_UNUSED_FUNCTION</key>
				<string>YES</string>
				<key>GCC_WARN_UNUSED_VARIABLE</key>
				<string>YES</string>
				<key>IPHONEOS_DEPLOYMENT_TARGET</key>
				<string>8.0</string>
				<key>MTL_ENABLE_DEBUG_INFO</key>
				<string>NO</string>
				<key>SDKROOT</key>
				<string>iphoneos</string>
				<key>VALIDATE_PRODUCT</key>
				<string>YES</string>
			</dict>
			<key>isa</key>
			<string>XCBuildConfiguration</string>
			<key>name</key>
			<string>Release</string>
		</dict>
		<key>42EFC4DB19E1B06B003F8E80</key>
		<dict>
			<key>buildConfigurations</key>
			<array>
				<string>42EFC4DC19E1B06B003F8E80</string>
				<string>42EFC4DD19E1B06B003F8E80</string>
			</array>
			<key>defaultConfigurationIsVisible</key>
			<string>0</string>
			<key>defaultConfigurationName</key>
			<string>Release</string>
			<key>isa</key>
			<string>XCConfigurationList</string>
		</dict>
		<key>42EFC4DC19E1B06B003F8E80</key>
		<dict>
			<key>baseConfigurationReference</key>
			<string>A9A91FB305304D069455716D</string>
			<key>buildSettings</key>
			<dict>
				<key>ASSETCATALOG_COMPILER_APPICON_NAME</key>
				<string>AppIcon</string>
				<key>FRAMEWORK_SEARCH_PATHS</key>
				<array>
					<string>$(inherited)</string>
					<string>$(PROJECT_DIR)</string>
				</array>
				<key>INFOPLIST_FILE</key>
				<string>Metro/Info.plist</string>
				<key>LD_RUNPATH_SEARCH_PATHS</key>
				<string>$(inherited) @executable_path/Frameworks</string>
				<key>OTHER_LDFLAGS</key>
				<string>-ObjC</string>
				<key>PRODUCT_NAME</key>
				<string>$(TARGET_NAME)</string>
			</dict>
			<key>isa</key>
			<string>XCBuildConfiguration</string>
			<key>name</key>
			<string>Debug</string>
		</dict>
		<key>42EFC4DD19E1B06B003F8E80</key>
		<dict>
			<key>baseConfigurationReference</key>
			<string>A9A91FB305304D069455716D</string>
			<key>buildSettings</key>
			<dict>
				<key>ASSETCATALOG_COMPILER_APPICON_NAME</key>
				<string>AppIcon</string>
				<key>FRAMEWORK_SEARCH_PATHS</key>
				<array>
					<string>$(inherited)</string>
					<string>$(PROJECT_DIR)</string>
				</array>
				<key>INFOPLIST_FILE</key>
				<string>Metro/Info.plist</string>
				<key>LD_RUNPATH_SEARCH_PATHS</key>
				<string>$(inherited) @executable_path/Frameworks</string>
				<key>OTHER_LDFLAGS</key>
				<string>-ObjC</string>
				<key>PRODUCT_NAME</key>
				<string>$(TARGET_NAME)</string>
			</dict>
			<key>isa</key>
			<string>XCBuildConfiguration</string>
			<key>name</key>
			<string>Release</string>
		</dict>
		<key>42EFC4DE19E1B06B003F8E80</key>
		<dict>
			<key>buildConfigurations</key>
			<array>
				<string>42EFC4DF19E1B06B003F8E80</string>
				<string>42EFC4E019E1B06B003F8E80</string>
			</array>
			<key>defaultConfigurationIsVisible</key>
			<string>0</string>
			<key>defaultConfigurationName</key>
			<string>Release</string>
			<key>isa</key>
			<string>XCConfigurationList</string>
		</dict>
		<key>42EFC4DF19E1B06B003F8E80</key>
		<dict>
			<key>buildSettings</key>
			<dict>
				<key>BUNDLE_LOADER</key>
				<string>$(TEST_HOST)</string>
				<key>FRAMEWORK_SEARCH_PATHS</key>
				<array>
					<string>$(SDKROOT)/Developer/Library/Frameworks</string>
					<string>$(inherited)</string>
				</array>
				<key>GCC_PREPROCESSOR_DEFINITIONS</key>
				<array>
					<string>DEBUG=1</string>
					<string>$(inherited)</string>
				</array>
				<key>INFOPLIST_FILE</key>
				<string>MetroTests/Info.plist</string>
				<key>LD_RUNPATH_SEARCH_PATHS</key>
				<string>$(inherited) @executable_path/Frameworks @loader_path/Frameworks</string>
				<key>PRODUCT_NAME</key>
				<string>$(TARGET_NAME)</string>
				<key>TEST_HOST</key>
				<string>$(BUILT_PRODUCTS_DIR)/Metro.app/Metro</string>
			</dict>
			<key>isa</key>
			<string>XCBuildConfiguration</string>
			<key>name</key>
			<string>Debug</string>
		</dict>
		<key>42EFC4E019E1B06B003F8E80</key>
		<dict>
			<key>buildSettings</key>
			<dict>
				<key>BUNDLE_LOADER</key>
				<string>$(TEST_HOST)</string>
				<key>FRAMEWORK_SEARCH_PATHS</key>
				<array>
					<string>$(SDKROOT)/Developer/Library/Frameworks</string>
					<string>$(inherited)</string>
				</array>
				<key>INFOPLIST_FILE</key>
				<string>MetroTests/Info.plist</string>
				<key>LD_RUNPATH_SEARCH_PATHS</key>
				<string>$(inherited) @executable_path/Frameworks @loader_path/Frameworks</string>
				<key>PRODUCT_NAME</key>
				<string>$(TARGET_NAME)</string>
				<key>TEST_HOST</key>
				<string>$(BUILT_PRODUCTS_DIR)/Metro.app/Metro</string>
			</dict>
			<key>isa</key>
			<string>XCBuildConfiguration</string>
			<key>name</key>
			<string>Release</string>
		</dict>
		<key>42EFC4E119E8479F003F8E80</key>
		<dict>
			<key>fileEncoding</key>
			<string>4</string>
			<key>isa</key>
			<string>PBXFileReference</string>
			<key>lastKnownFileType</key>
			<string>sourcecode.c.h</string>
			<key>path</key>
			<string>RequestUrl.h</string>
			<key>sourceTree</key>
			<string>&lt;group&gt;</string>
		</dict>
		<key>42EFC4E219E8479F003F8E80</key>
		<dict>
			<key>fileEncoding</key>
			<string>4</string>
			<key>isa</key>
			<string>PBXFileReference</string>
			<key>lastKnownFileType</key>
			<string>sourcecode.c.objc</string>
			<key>path</key>
			<string>RequestUrl.m</string>
			<key>sourceTree</key>
			<string>&lt;group&gt;</string>
		</dict>
		<key>42EFC4E319E8479F003F8E80</key>
		<dict>
			<key>fileRef</key>
			<string>42EFC4E219E8479F003F8E80</string>
			<key>isa</key>
			<string>PBXBuildFile</string>
		</dict>
		<key>63DBC3DA2C754257A1FA90A0</key>
		<dict>
			<key>buildActionMask</key>
			<string>2147483647</string>
			<key>files</key>
			<array/>
			<key>inputPaths</key>
			<array/>
			<key>isa</key>
			<string>PBXShellScriptBuildPhase</string>
			<key>name</key>
			<string>Copy Pods Resources</string>
			<key>outputPaths</key>
			<array/>
			<key>runOnlyForDeploymentPostprocessing</key>
			<string>0</string>
			<key>shellPath</key>
			<string>/bin/sh</string>
			<key>shellScript</key>
			<string>"${SRCROOT}/Pods/Pods-resources.sh"
</string>
			<key>showEnvVarsInLog</key>
			<string>0</string>
		</dict>
		<key>67C37D23BC194C31B8D7D43B</key>
		<dict>
			<key>fileRef</key>
			<string>C83460B5C7B44106BA27F917</string>
			<key>isa</key>
			<string>PBXBuildFile</string>
		</dict>
		<key>A9A91FB305304D069455716D</key>
		<dict>
			<key>includeInIndex</key>
			<string>1</string>
			<key>isa</key>
			<string>PBXFileReference</string>
			<key>lastKnownFileType</key>
			<string>text.xcconfig</string>
			<key>name</key>
			<string>Pods.xcconfig</string>
			<key>path</key>
			<string>Pods/Pods.xcconfig</string>
			<key>sourceTree</key>
			<string>&lt;group&gt;</string>
		</dict>
		<key>C83460B5C7B44106BA27F917</key>
		<dict>
			<key>explicitFileType</key>
			<string>archive.ar</string>
			<key>includeInIndex</key>
			<string>0</string>
			<key>isa</key>
			<string>PBXFileReference</string>
			<key>path</key>
			<string>libPods.a</string>
			<key>sourceTree</key>
			<string>BUILT_PRODUCTS_DIR</string>
		</dict>
	</dict>
	<key>rootObject</key>
	<string>42EFC4B019E1B06B003F8E80</string>
</dict>
</plist>
